// !$*UTF8*$!
{
	archiveVersion = 1;
	classes = {
	};
	objectVersion = 46;
	objects = {

/* Begin PBXBuildFile section */
		3864178315C1F11300824956 /* UIKit.framework in Frameworks */ = {isa = PBXBuildFile; fileRef = 3864178215C1F11300824956 /* UIKit.framework */; };
		3864178515C1F11300824956 /* Foundation.framework in Frameworks */ = {isa = PBXBuildFile; fileRef = 3864178415C1F11300824956 /* Foundation.framework */; };
		3864178715C1F11300824956 /* CoreGraphics.framework in Frameworks */ = {isa = PBXBuildFile; fileRef = 3864178615C1F11300824956 /* CoreGraphics.framework */; };
		3864178D15C1F11300824956 /* InfoPlist.strings in Resources */ = {isa = PBXBuildFile; fileRef = 3864178B15C1F11300824956 /* InfoPlist.strings */; };
		3864178F15C1F11300824956 /* main.m in Sources */ = {isa = PBXBuildFile; fileRef = 3864178E15C1F11300824956 /* main.m */; };
		3864179315C1F11300824956 /* ExampleAppAppDelegate.m in Sources */ = {isa = PBXBuildFile; fileRef = 3864179215C1F11300824956 /* ExampleAppAppDelegate.m */; };
		3864179615C1F11300824956 /* ExampleAppViewController.m in Sources */ = {isa = PBXBuildFile; fileRef = 3864179515C1F11300824956 /* ExampleAppViewController.m */; };
		3864179915C1F11300824956 /* ExampleAppViewController_iPhone.xib in Resources */ = {isa = PBXBuildFile; fileRef = 3864179715C1F11300824956 /* ExampleAppViewController_iPhone.xib */; };
		3864179C15C1F11300824956 /* ExampleAppViewController_iPad.xib in Resources */ = {isa = PBXBuildFile; fileRef = 3864179A15C1F11300824956 /* ExampleAppViewController_iPad.xib */; };
		386417B115C1F19200824956 /* big.png in Resources */ = {isa = PBXBuildFile; fileRef = 386417B015C1F19200824956 /* big.png */; };
		386417B315C1F19E00824956 /* Default.png in Resources */ = {isa = PBXBuildFile; fileRef = 386417B215C1F19E00824956 /* Default.png */; };
		386417B515C1F1C400824956 /* QuartzCore.framework in Frameworks */ = {isa = PBXBuildFile; fileRef = 386417B415C1F1C400824956 /* QuartzCore.framework */; };
		386417B715C1F1C900824956 /* SystemConfiguration.framework in Frameworks */ = {isa = PBXBuildFile; fileRef = 386417B615C1F1C900824956 /* SystemConfiguration.framework */; };
		38B15DA7162F1F370000603B /* libChartboost.a in Frameworks */ = {isa = PBXBuildFile; fileRef = 38B15DA5162F1F370000603B /* libChartboost.a */; };
		38B15DA8162F1F370000603B /* README.md in Resources */ = {isa = PBXBuildFile; fileRef = 38B15DA6162F1F370000603B /* README.md */; };
		38B9695D16274F2D00748624 /* AdSupport.framework in Frameworks */ = {isa = PBXBuildFile; fileRef = 3817F5E11612262900D1F217 /* AdSupport.framework */; settings = {ATTRIBUTES = (Weak, ); }; };
		38B9695F162750AC00748624 /* StoreKit.framework in Frameworks */ = {isa = PBXBuildFile; fileRef = 38B9695E162750AC00748624 /* StoreKit.framework */; settings = {ATTRIBUTES = (Weak, ); }; };
/* End PBXBuildFile section */

/* Begin PBXFileReference section */
		3817F5E11612262900D1F217 /* AdSupport.framework */ = {isa = PBXFileReference; lastKnownFileType = wrapper.framework; name = AdSupport.framework; path = System/Library/Frameworks/AdSupport.framework; sourceTree = SDKROOT; };
		3864177E15C1F11300824956 /* ChartboostExample.app */ = {isa = PBXFileReference; explicitFileType = wrapper.application; includeInIndex = 0; path = ChartboostExample.app; sourceTree = BUILT_PRODUCTS_DIR; };
		3864178215C1F11300824956 /* UIKit.framework */ = {isa = PBXFileReference; lastKnownFileType = wrapper.framework; name = UIKit.framework; path = System/Library/Frameworks/UIKit.framework; sourceTree = SDKROOT; };
		3864178415C1F11300824956 /* Foundation.framework */ = {isa = PBXFileReference; lastKnownFileType = wrapper.framework; name = Foundation.framework; path = System/Library/Frameworks/Foundation.framework; sourceTree = SDKROOT; };
		3864178615C1F11300824956 /* CoreGraphics.framework */ = {isa = PBXFileReference; lastKnownFileType = wrapper.framework; name = CoreGraphics.framework; path = System/Library/Frameworks/CoreGraphics.framework; sourceTree = SDKROOT; };
		3864178A15C1F11300824956 /* ChartboostExample-Info.plist */ = {isa = PBXFileReference; lastKnownFileType = text.plist.xml; path = "ChartboostExample-Info.plist"; sourceTree = "<group>"; };
		3864178C15C1F11300824956 /* en */ = {isa = PBXFileReference; lastKnownFileType = text.plist.strings; name = en; path = en.lproj/InfoPlist.strings; sourceTree = "<group>"; };
		3864178E15C1F11300824956 /* main.m */ = {isa = PBXFileReference; lastKnownFileType = sourcecode.c.objc; path = main.m; sourceTree = "<group>"; };
		3864179015C1F11300824956 /* ChartboostExample-Prefix.pch */ = {isa = PBXFileReference; lastKnownFileType = sourcecode.c.h; path = "ChartboostExample-Prefix.pch"; sourceTree = "<group>"; };
		3864179115C1F11300824956 /* ExampleAppAppDelegate.h */ = {isa = PBXFileReference; lastKnownFileType = sourcecode.c.h; path = ExampleAppAppDelegate.h; sourceTree = "<group>"; };
		3864179215C1F11300824956 /* ExampleAppAppDelegate.m */ = {isa = PBXFileReference; lastKnownFileType = sourcecode.c.objc; path = ExampleAppAppDelegate.m; sourceTree = "<group>"; };
		3864179415C1F11300824956 /* ExampleAppViewController.h */ = {isa = PBXFileReference; lastKnownFileType = sourcecode.c.h; path = ExampleAppViewController.h; sourceTree = "<group>"; };
		3864179515C1F11300824956 /* ExampleAppViewController.m */ = {isa = PBXFileReference; lastKnownFileType = sourcecode.c.objc; path = ExampleAppViewController.m; sourceTree = "<group>"; };
		3864179815C1F11300824956 /* en */ = {isa = PBXFileReference; lastKnownFileType = file.xib; name = en; path = en.lproj/ExampleAppViewController_iPhone.xib; sourceTree = "<group>"; };
		3864179B15C1F11300824956 /* en */ = {isa = PBXFileReference; lastKnownFileType = file.xib; name = en; path = en.lproj/ExampleAppViewController_iPad.xib; sourceTree = "<group>"; };
		386417B015C1F19200824956 /* big.png */ = {isa = PBXFileReference; lastKnownFileType = image.png; name = big.png; path = ../big.png; sourceTree = "<group>"; };
		386417B215C1F19E00824956 /* Default.png */ = {isa = PBXFileReference; lastKnownFileType = image.png; name = Default.png; path = ../Default.png; sourceTree = "<group>"; };
		386417B415C1F1C400824956 /* QuartzCore.framework */ = {isa = PBXFileReference; lastKnownFileType = wrapper.framework; name = QuartzCore.framework; path = System/Library/Frameworks/QuartzCore.framework; sourceTree = SDKROOT; };
		386417B615C1F1C900824956 /* SystemConfiguration.framework */ = {isa = PBXFileReference; lastKnownFileType = wrapper.framework; name = SystemConfiguration.framework; path = System/Library/Frameworks/SystemConfiguration.framework; sourceTree = SDKROOT; };
		38B15DA3162F1F370000603B /* CBAnalytics.h */ = {isa = PBXFileReference; fileEncoding = 4; lastKnownFileType = sourcecode.c.h; path = CBAnalytics.h; sourceTree = "<group>"; };
		38B15DA4162F1F370000603B /* Chartboost.h */ = {isa = PBXFileReference; fileEncoding = 4; lastKnownFileType = sourcecode.c.h; path = Chartboost.h; sourceTree = "<group>"; };
		38B15DA5162F1F370000603B /* libChartboost.a */ = {isa = PBXFileReference; lastKnownFileType = archive.ar; path = libChartboost.a; sourceTree = "<group>"; };
		38B15DA6162F1F370000603B /* README.md */ = {isa = PBXFileReference; fileEncoding = 4; lastKnownFileType = text; path = README.md; sourceTree = "<group>"; };
		38B9695E162750AC00748624 /* StoreKit.framework */ = {isa = PBXFileReference; lastKnownFileType = wrapper.framework; name = StoreKit.framework; path = System/Library/Frameworks/StoreKit.framework; sourceTree = SDKROOT; };
/* End PBXFileReference section */

/* Begin PBXFrameworksBuildPhase section */
		3864177B15C1F11300824956 /* Frameworks */ = {
			isa = PBXFrameworksBuildPhase;
			buildActionMask = 2147483647;
			files = (
				38B9695F162750AC00748624 /* StoreKit.framework in Frameworks */,
				38B9695D16274F2D00748624 /* AdSupport.framework in Frameworks */,
				386417B715C1F1C900824956 /* SystemConfiguration.framework in Frameworks */,
				386417B515C1F1C400824956 /* QuartzCore.framework in Frameworks */,
				3864178315C1F11300824956 /* UIKit.framework in Frameworks */,
				3864178515C1F11300824956 /* Foundation.framework in Frameworks */,
				3864178715C1F11300824956 /* CoreGraphics.framework in Frameworks */,
				38B15DA7162F1F370000603B /* libChartboost.a in Frameworks */,
			);
			runOnlyForDeploymentPostprocessing = 0;
		};
/* End PBXFrameworksBuildPhase section */

/* Begin PBXGroup section */
		3864177315C1F11300824956 = {
			isa = PBXGroup;
			children = (
				38B9695E162750AC00748624 /* StoreKit.framework */,
				3817F5E11612262900D1F217 /* AdSupport.framework */,
				386417B615C1F1C900824956 /* SystemConfiguration.framework */,
				386417B415C1F1C400824956 /* QuartzCore.framework */,
				3864178815C1F11300824956 /* ChartboostExample */,
				3864178115C1F11300824956 /* Frameworks */,
				3864177F15C1F11300824956 /* Products */,
				38B15DA2162F1F370000603B /* Chartboost */,
			);
			sourceTree = "<group>";
		};
		3864177F15C1F11300824956 /* Products */ = {
			isa = PBXGroup;
			children = (
				3864177E15C1F11300824956 /* ChartboostExample.app */,
			);
			name = Products;
			sourceTree = "<group>";
		};
		3864178115C1F11300824956 /* Frameworks */ = {
			isa = PBXGroup;
			children = (
				3864178215C1F11300824956 /* UIKit.framework */,
				3864178415C1F11300824956 /* Foundation.framework */,
				3864178615C1F11300824956 /* CoreGraphics.framework */,
			);
			name = Frameworks;
			sourceTree = "<group>";
		};
		3864178815C1F11300824956 /* ChartboostExample */ = {
			isa = PBXGroup;
			children = (
				386417B215C1F19E00824956 /* Default.png */,
				386417B015C1F19200824956 /* big.png */,
				3864179115C1F11300824956 /* ExampleAppAppDelegate.h */,
				3864179215C1F11300824956 /* ExampleAppAppDelegate.m */,
				3864179415C1F11300824956 /* ExampleAppViewController.h */,
				3864179515C1F11300824956 /* ExampleAppViewController.m */,
				3864179715C1F11300824956 /* ExampleAppViewController_iPhone.xib */,
				3864179A15C1F11300824956 /* ExampleAppViewController_iPad.xib */,
				3864178915C1F11300824956 /* Supporting Files */,
			);
			path = ChartboostExample;
			sourceTree = "<group>";
		};
		3864178915C1F11300824956 /* Supporting Files */ = {
			isa = PBXGroup;
			children = (
				3864178A15C1F11300824956 /* ChartboostExample-Info.plist */,
				3864178B15C1F11300824956 /* InfoPlist.strings */,
				3864178E15C1F11300824956 /* main.m */,
				3864179015C1F11300824956 /* ChartboostExample-Prefix.pch */,
			);
			name = "Supporting Files";
			sourceTree = "<group>";
		};
		38B15DA2162F1F370000603B /* Chartboost */ = {
			isa = PBXGroup;
			children = (
				38B15DA3162F1F370000603B /* CBAnalytics.h */,
				38B15DA4162F1F370000603B /* Chartboost.h */,
				38B15DA5162F1F370000603B /* libChartboost.a */,
				38B15DA6162F1F370000603B /* README.md */,
			);
			path = Chartboost;
			sourceTree = "<group>";
		};
/* End PBXGroup section */

/* Begin PBXNativeTarget section */
		3864177D15C1F11300824956 /* ChartboostExample */ = {
			isa = PBXNativeTarget;
			buildConfigurationList = 3864179F15C1F11300824956 /* Build configuration list for PBXNativeTarget "ChartboostExample" */;
			buildPhases = (
				3864177A15C1F11300824956 /* Sources */,
				3864177B15C1F11300824956 /* Frameworks */,
				3864177C15C1F11300824956 /* Resources */,
			);
			buildRules = (
			);
			dependencies = (
			);
			name = ChartboostExample;
			productName = ChartboostExample;
			productReference = 3864177E15C1F11300824956 /* ChartboostExample.app */;
			productType = "com.apple.product-type.application";
		};
/* End PBXNativeTarget section */

/* Begin PBXProject section */
		3864177515C1F11300824956 /* Project object */ = {
			isa = PBXProject;
			attributes = {
				CLASSPREFIX = ExampleApp;
				LastUpgradeCheck = 0430;
			};
			buildConfigurationList = 3864177815C1F11300824956 /* Build configuration list for PBXProject "ChartboostExample" */;
			compatibilityVersion = "Xcode 3.2";
			developmentRegion = English;
			hasScannedForEncodings = 0;
			knownRegions = (
				en,
			);
			mainGroup = 3864177315C1F11300824956;
			productRefGroup = 3864177F15C1F11300824956 /* Products */;
			projectDirPath = "";
			projectRoot = "";
			targets = (
				3864177D15C1F11300824956 /* ChartboostExample */,
			);
		};
/* End PBXProject section */

/* Begin PBXResourcesBuildPhase section */
		3864177C15C1F11300824956 /* Resources */ = {
			isa = PBXResourcesBuildPhase;
			buildActionMask = 2147483647;
			files = (
				3864178D15C1F11300824956 /* InfoPlist.strings in Resources */,
				3864179915C1F11300824956 /* ExampleAppViewController_iPhone.xib in Resources */,
				3864179C15C1F11300824956 /* ExampleAppViewController_iPad.xib in Resources */,
				386417B115C1F19200824956 /* big.png in Resources */,
				386417B315C1F19E00824956 /* Default.png in Resources */,
				38B15DA8162F1F370000603B /* README.md in Resources */,
			);
			runOnlyForDeploymentPostprocessing = 0;
		};
/* End PBXResourcesBuildPhase section */

/* Begin PBXSourcesBuildPhase section */
		3864177A15C1F11300824956 /* Sources */ = {
			isa = PBXSourcesBuildPhase;
			buildActionMask = 2147483647;
			files = (
				3864178F15C1F11300824956 /* main.m in Sources */,
				3864179315C1F11300824956 /* ExampleAppAppDelegate.m in Sources */,
				3864179615C1F11300824956 /* ExampleAppViewController.m in Sources */,
			);
			runOnlyForDeploymentPostprocessing = 0;
		};
/* End PBXSourcesBuildPhase section */

/* Begin PBXVariantGroup section */
		3864178B15C1F11300824956 /* InfoPlist.strings */ = {
			isa = PBXVariantGroup;
			children = (
				3864178C15C1F11300824956 /* en */,
			);
			name = InfoPlist.strings;
			sourceTree = "<group>";
		};
		3864179715C1F11300824956 /* ExampleAppViewController_iPhone.xib */ = {
			isa = PBXVariantGroup;
			children = (
				3864179815C1F11300824956 /* en */,
			);
			name = ExampleAppViewController_iPhone.xib;
			sourceTree = "<group>";
		};
		3864179A15C1F11300824956 /* ExampleAppViewController_iPad.xib */ = {
			isa = PBXVariantGroup;
			children = (
				3864179B15C1F11300824956 /* en */,
			);
			name = ExampleAppViewController_iPad.xib;
			sourceTree = "<group>";
		};
/* End PBXVariantGroup section */

/* Begin XCBuildConfiguration section */
		3864179D15C1F11300824956 /* Debug */ = {
			isa = XCBuildConfiguration;
			buildSettings = {
				ALWAYS_SEARCH_USER_PATHS = NO;
				ARCHS = "$(ARCHS_STANDARD_32_BIT)";
				CLANG_ENABLE_OBJC_ARC = YES;
				"CODE_SIGN_IDENTITY[sdk=iphoneos*]" = "iPhone Developer";
				COPY_PHASE_STRIP = NO;
				GCC_C_LANGUAGE_STANDARD = gnu99;
				GCC_DYNAMIC_NO_PIC = NO;
				GCC_OPTIMIZATION_LEVEL = 0;
				GCC_PREPROCESSOR_DEFINITIONS = (
					"DEBUG=1",
					"$(inherited)",
				);
				GCC_SYMBOLS_PRIVATE_EXTERN = NO;
				GCC_VERSION = com.apple.compilers.llvm.clang.1_0;
				GCC_WARN_ABOUT_RETURN_TYPE = YES;
				GCC_WARN_UNINITIALIZED_AUTOS = YES;
				GCC_WARN_UNUSED_VARIABLE = YES;
				IPHONEOS_DEPLOYMENT_TARGET = 5.1;
				SDKROOT = iphoneos;
				TARGETED_DEVICE_FAMILY = "1,2";
			};
			name = Debug;
		};
		3864179E15C1F11300824956 /* Release */ = {
			isa = XCBuildConfiguration;
			buildSettings = {
				ALWAYS_SEARCH_USER_PATHS = NO;
				ARCHS = "$(ARCHS_STANDARD_32_BIT)";
				CLANG_ENABLE_OBJC_ARC = YES;
				"CODE_SIGN_IDENTITY[sdk=iphoneos*]" = "iPhone Developer";
				COPY_PHASE_STRIP = YES;
				GCC_C_LANGUAGE_STANDARD = gnu99;
				GCC_VERSION = com.apple.compilers.llvm.clang.1_0;
				GCC_WARN_ABOUT_RETURN_TYPE = YES;
				GCC_WARN_UNINITIALIZED_AUTOS = YES;
				GCC_WARN_UNUSED_VARIABLE = YES;
				IPHONEOS_DEPLOYMENT_TARGET = 5.1;
				OTHER_CFLAGS = "-DNS_BLOCK_ASSERTIONS=1";
				SDKROOT = iphoneos;
				TARGETED_DEVICE_FAMILY = "1,2";
				VALIDATE_PRODUCT = YES;
			};
			name = Release;
		};
		386417A015C1F11300824956 /* Debug */ = {
			isa = XCBuildConfiguration;
			buildSettings = {
				GCC_PRECOMPILE_PREFIX_HEADER = YES;
				GCC_PREFIX_HEADER = "ChartboostExample/ChartboostExample-Prefix.pch";
				INFOPLIST_FILE = "ChartboostExample/ChartboostExample-Info.plist";
				LIBRARY_SEARCH_PATHS = (
					"$(inherited)",
					"\"$(SRCROOT)/Chartboost\"",
				);
				PRODUCT_NAME = "$(TARGET_NAME)";
				WRAPPER_EXTENSION = app;
			};
			name = Debug;
		};
		386417A115C1F11300824956 /* Release */ = {
			isa = XCBuildConfiguration;
			buildSettings = {
				GCC_PRECOMPILE_PREFIX_HEADER = YES;
				GCC_PREFIX_HEADER = "ChartboostExample/ChartboostExample-Prefix.pch";
				INFOPLIST_FILE = "ChartboostExample/ChartboostExample-Info.plist";
				LIBRARY_SEARCH_PATHS = (
					"$(inherited)",
					"\"$(SRCROOT)/Chartboost\"",
				);
				PRODUCT_NAME = "$(TARGET_NAME)";
				WRAPPER_EXTENSION = app;
			};
			name = Release;
		};
/* End XCBuildConfiguration section */

/* Begin XCConfigurationList section */
		3864177815C1F11300824956 /* Build configuration list for PBXProject "ChartboostExample" */ = {
			isa = XCConfigurationList;
			buildConfigurations = (
				3864179D15C1F11300824956 /* Debug */,
				3864179E15C1F11300824956 /* Release */,
			);
			defaultConfigurationIsVisible = 0;
			defaultConfigurationName = Release;
		};
		3864179F15C1F11300824956 /* Build configuration list for PBXNativeTarget "ChartboostExample" */ = {
			isa = XCConfigurationList;
			buildConfigurations = (
				386417A015C1F11300824956 /* Debug */,
				386417A115C1F11300824956 /* Release */,
			);
			defaultConfigurationIsVisible = 0;
			defaultConfigurationName = Release;
		};
/* End XCConfigurationList section */
	};
	rootObject = 3864177515C1F11300824956 /* Project object */;
}
